
Microsoft Visual Studio Solution File, Format Version 11.00
# Visual Studio 2010
Project("{FAE04EC0-301F-11D3-BF4B-00C04F79EFBC}") = "AntiVirus", "Assembly-CSharp.csproj", "{DCEF7433-38BC-14BC-DC23-23860031C30B}"
EndProject
Project("{FAE04EC0-301F-11D3-BF4B-00C04F79EFBC}") = "AntiVirus", "Assembly-CSharp-firstpass.csproj", "{A037B36F-E623-B035-6BF2-4BA23CB14459}"
EndProject
Project("{FAE04EC0-301F-11D3-BF4B-00C04F79EFBC}") = "AntiVirus", "Assembly-CSharp-Editor.csproj", "{23A8C82C-55CE-B0D2-4E8A-F87B41457B46}"
EndProject
Project("{FAE04EC0-301F-11D3-BF4B-00C04F79EFBC}") = "AntiVirus", "Assembly-CSharp-Editor-firstpass.csproj", "{0956752C-81E7-D356-4771-097116EFA5CD}"
EndProject
Global
	GlobalSection(SolutionConfigurationPlatforms) = preSolution
		Debug|Any CPU = Debug|Any CPU
		Release|Any CPU = Release|Any CPU
	EndGlobalSection
	GlobalSection(ProjectConfigurationPlatforms) = postSolution
		{DCEF7433-38BC-14BC-DC23-23860031C30B}.Debug|Any CPU.ActiveCfg = Debug|Any CPU
		{DCEF7433-38BC-14BC-DC23-23860031C30B}.Debug|Any CPU.Build.0 = Debug|Any CPU
		{DCEF7433-38BC-14BC-DC23-23860031C30B}.Release|Any CPU.ActiveCfg = Release|Any CPU
		{DCEF7433-38BC-14BC-DC23-23860031C30B}.Release|Any CPU.Build.0 = Release|Any CPU
		{A037B36F-E623-B035-6BF2-4BA23CB14459}.Debug|Any CPU.ActiveCfg = Debug|Any CPU
		{A037B36F-E623-B035-6BF2-4BA23CB14459}.Debug|Any CPU.Build.0 = Debug|Any CPU
		{A037B36F-E623-B035-6BF2-4BA23CB14459}.Release|Any CPU.ActiveCfg = Release|Any CPU
		{A037B36F-E623-B035-6BF2-4BA23CB14459}.Release|Any CPU.Build.0 = Release|Any CPU
		{23A8C82C-55CE-B0D2-4E8A-F87B41457B46}.Debug|Any CPU.ActiveCfg = Debug|Any CPU
		{23A8C82C-55CE-B0D2-4E8A-F87B41457B46}.Debug|Any CPU.Build.0 = Debug|Any CPU
		{23A8C82C-55CE-B0D2-4E8A-F87B41457B46}.Release|Any CPU.ActiveCfg = Release|Any CPU
		{23A8C82C-55CE-B0D2-4E8A-F87B41457B46}.Release|Any CPU.Build.0 = Release|Any CPU
		{0956752C-81E7-D356-4771-097116EFA5CD}.Debug|Any CPU.ActiveCfg = Debug|Any CPU
		{0956752C-81E7-D356-4771-097116EFA5CD}.Debug|Any CPU.Build.0 = Debug|Any CPU
		{0956752C-81E7-D356-4771-097116EFA5CD}.Release|Any CPU.ActiveCfg = Release|Any CPU
		{0956752C-81E7-D356-4771-097116EFA5CD}.Release|Any CPU.Build.0 = Release|Any CPU
	EndGlobalSection
	GlobalSection(SolutionProperties) = preSolution
		HideSolutionNode = FALSE
	EndGlobalSection
	GlobalSection(MonoDevelopProperties) = preSolution
		StartupItem = Assembly-CSharp.csproj
	EndGlobalSection
EndGlobal
