
Microsoft Visual Studio Solution File, Format Version 11.00
# Visual Studio 2010
Project("{FAE04EC0-301F-11D3-BF4B-00C04F79EFBC}") = "VoxelCity", "Assembly-CSharp-firstpass.csproj", "{B771FB82-1C9D-0A16-7137-26A65D333EB6}"
EndProject
Project("{FAE04EC0-301F-11D3-BF4B-00C04F79EFBC}") = "VoxelCity", "Assembly-CSharp.csproj", "{F58D8A91-FC37-669D-EF7F-684A5C0EFBCA}"
EndProject
Project("{FAE04EC0-301F-11D3-BF4B-00C04F79EFBC}") = "VoxelCity", "Assembly-CSharp-Editor-firstpass.csproj", "{AC14D4A0-8D93-6174-3700-8227FFBE87FE}"
EndProject
Project("{FAE04EC0-301F-11D3-BF4B-00C04F79EFBC}") = "VoxelCity", "Assembly-CSharp-Editor.csproj", "{A5D1B362-9AC5-1498-1FA2-CBE1FA070C76}"
EndProject
Global
	GlobalSection(SolutionConfigurationPlatforms) = preSolution
		Debug|Any CPU = Debug|Any CPU
		Release|Any CPU = Release|Any CPU
	EndGlobalSection
	GlobalSection(ProjectConfigurationPlatforms) = postSolution
		{B771FB82-1C9D-0A16-7137-26A65D333EB6}.Debug|Any CPU.ActiveCfg = Debug|Any CPU
		{B771FB82-1C9D-0A16-7137-26A65D333EB6}.Debug|Any CPU.Build.0 = Debug|Any CPU
		{B771FB82-1C9D-0A16-7137-26A65D333EB6}.Release|Any CPU.ActiveCfg = Release|Any CPU
		{B771FB82-1C9D-0A16-7137-26A65D333EB6}.Release|Any CPU.Build.0 = Release|Any CPU
		{F58D8A91-FC37-669D-EF7F-684A5C0EFBCA}.Debug|Any CPU.ActiveCfg = Debug|Any CPU
		{F58D8A91-FC37-669D-EF7F-684A5C0EFBCA}.Debug|Any CPU.Build.0 = Debug|Any CPU
		{F58D8A91-FC37-669D-EF7F-684A5C0EFBCA}.Release|Any CPU.ActiveCfg = Release|Any CPU
		{F58D8A91-FC37-669D-EF7F-684A5C0EFBCA}.Release|Any CPU.Build.0 = Release|Any CPU
		{AC14D4A0-8D93-6174-3700-8227FFBE87FE}.Debug|Any CPU.ActiveCfg = Debug|Any CPU
		{AC14D4A0-8D93-6174-3700-8227FFBE87FE}.Debug|Any CPU.Build.0 = Debug|Any CPU
		{AC14D4A0-8D93-6174-3700-8227FFBE87FE}.Release|Any CPU.ActiveCfg = Release|Any CPU
		{AC14D4A0-8D93-6174-3700-8227FFBE87FE}.Release|Any CPU.Build.0 = Release|Any CPU
		{A5D1B362-9AC5-1498-1FA2-CBE1FA070C76}.Debug|Any CPU.ActiveCfg = Debug|Any CPU
		{A5D1B362-9AC5-1498-1FA2-CBE1FA070C76}.Debug|Any CPU.Build.0 = Debug|Any CPU
		{A5D1B362-9AC5-1498-1FA2-CBE1FA070C76}.Release|Any CPU.ActiveCfg = Release|Any CPU
		{A5D1B362-9AC5-1498-1FA2-CBE1FA070C76}.Release|Any CPU.Build.0 = Release|Any CPU
	EndGlobalSection
	GlobalSection(SolutionProperties) = preSolution
		HideSolutionNode = FALSE
	EndGlobalSection
	GlobalSection(MonoDevelopProperties) = preSolution
		StartupItem = Assembly-CSharp.csproj
	EndGlobalSection
EndGlobal
